
Microsoft Visual Studio Solution File, Format Version 12.00
# Visual Studio 15
VisualStudioVersion = 15.0.28010.2041
MinimumVisualStudioVersion = 10.0.40219.1
Project("{FAE04EC0-301F-11D3-BF4B-00C04F79EFBC}") = "Calculator", "Calculator\Calculator.csproj", "{A1E58300-EC47-46D9-B47F-720A74201F02}"
EndProject
Project("{FAE04EC0-301F-11D3-BF4B-00C04F79EFBC}") = "Calculator.Tests", "Calculator.Tests\Calculator.Tests.csproj", "{D78E6320-02DC-4F35-91BD-4CA7C7072C5F}"
EndProject
Global
	GlobalSection(SolutionConfigurationPlatforms) = preSolution
		Debug|Any CPU = Debug|Any CPU
		Release|Any CPU = Release|Any CPU
	EndGlobalSection
	GlobalSection(ProjectConfigurationPlatforms) = postSolution
		{A1E58300-EC47-46D9-B47F-720A74201F02}.Debug|Any CPU.ActiveCfg = Debug|Any CPU
		{A1E58300-EC47-46D9-B47F-720A74201F02}.Debug|Any CPU.Build.0 = Debug|Any CPU
		{A1E58300-EC47-46D9-B47F-720A74201F02}.Release|Any CPU.ActiveCfg = Release|Any CPU
		{A1E58300-EC47-46D9-B47F-720A74201F02}.Release|Any CPU.Build.0 = Release|Any CPU
		{D78E6320-02DC-4F35-91BD-4CA7C7072C5F}.Debug|Any CPU.ActiveCfg = Debug|Any CPU
		{D78E6320-02DC-4F35-91BD-4CA7C7072C5F}.Debug|Any CPU.Build.0 = Debug|Any CPU
		{D78E6320-02DC-4F35-91BD-4CA7C7072C5F}.Release|Any CPU.ActiveCfg = Release|Any CPU
		{D78E6320-02DC-4F35-91BD-4CA7C7072C5F}.Release|Any CPU.Build.0 = Release|Any CPU
	EndGlobalSection
	GlobalSection(SolutionProperties) = preSolution
		HideSolutionNode = FALSE
	EndGlobalSection
	GlobalSection(ExtensibilityGlobals) = postSolution
		SolutionGuid = {371B13AD-AB7D-449F-9117-592138F25985}
	EndGlobalSection
EndGlobal
